// !$*UTF8*$!
{
	archiveVersion = 1;
	classes = {
	};
	objectVersion = 46;
	objects = {

/* Begin PBXBuildFile section */
		9222533B1AB3D5AD00C127A8 /* main.m in Sources */ = {isa = PBXBuildFile; fileRef = 9222533A1AB3D5AD00C127A8 /* main.m */; };
		9222533E1AB3D5AD00C127A8 /* AppDelegate.m in Sources */ = {isa = PBXBuildFile; fileRef = 9222533D1AB3D5AD00C127A8 /* AppDelegate.m */; };
		922253411AB3D5AD00C127A8 /* MoviesViewController.m in Sources */ = {isa = PBXBuildFile; fileRef = 922253401AB3D5AD00C127A8 /* MoviesViewController.m */; };
		922253441AB3D5AD00C127A8 /* Main.storyboard in Resources */ = {isa = PBXBuildFile; fileRef = 922253421AB3D5AD00C127A8 /* Main.storyboard */; };
		922253461AB3D5AD00C127A8 /* Images.xcassets in Resources */ = {isa = PBXBuildFile; fileRef = 922253451AB3D5AD00C127A8 /* Images.xcassets */; };
		922253491AB3D5AD00C127A8 /* LaunchScreen.xib in Resources */ = {isa = PBXBuildFile; fileRef = 922253471AB3D5AD00C127A8 /* LaunchScreen.xib */; };
		922253551AB3D5AD00C127A8 /* movieNewsTests.m in Sources */ = {isa = PBXBuildFile; fileRef = 922253541AB3D5AD00C127A8 /* movieNewsTests.m */; };
/* End PBXBuildFile section */

/* Begin PBXContainerItemProxy section */
		9222534F1AB3D5AD00C127A8 /* PBXContainerItemProxy */ = {
			isa = PBXContainerItemProxy;
			containerPortal = 9222532D1AB3D5AD00C127A8 /* Project object */;
			proxyType = 1;
			remoteGlobalIDString = 922253341AB3D5AD00C127A8;
			remoteInfo = movieNews;
		};
/* End PBXContainerItemProxy section */

/* Begin PBXFileReference section */
		922253351AB3D5AD00C127A8 /* movieNews.app */ = {isa = PBXFileReference; explicitFileType = wrapper.application; includeInIndex = 0; path = movieNews.app; sourceTree = BUILT_PRODUCTS_DIR; };
		922253391AB3D5AD00C127A8 /* Info.plist */ = {isa = PBXFileReference; lastKnownFileType = text.plist.xml; path = Info.plist; sourceTree = "<group>"; };
		9222533A1AB3D5AD00C127A8 /* main.m */ = {isa = PBXFileReference; lastKnownFileType = sourcecode.c.objc; path = main.m; sourceTree = "<group>"; };
		9222533C1AB3D5AD00C127A8 /* AppDelegate.h */ = {isa = PBXFileReference; lastKnownFileType = sourcecode.c.h; path = AppDelegate.h; sourceTree = "<group>"; };
		9222533D1AB3D5AD00C127A8 /* AppDelegate.m */ = {isa = PBXFileReference; lastKnownFileType = sourcecode.c.objc; path = AppDelegate.m; sourceTree = "<group>"; };
		9222533F1AB3D5AD00C127A8 /* MoviesViewController.h */ = {isa = PBXFileReference; lastKnownFileType = sourcecode.c.h; path = MoviesViewController.h; sourceTree = "<group>"; };
		922253401AB3D5AD00C127A8 /* MoviesViewController.m */ = {isa = PBXFileReference; lastKnownFileType = sourcecode.c.objc; path = MoviesViewController.m; sourceTree = "<group>"; };
		922253431AB3D5AD00C127A8 /* Base */ = {isa = PBXFileReference; lastKnownFileType = file.storyboard; name = Base; path = Base.lproj/Main.storyboard; sourceTree = "<group>"; };
		922253451AB3D5AD00C127A8 /* Images.xcassets */ = {isa = PBXFileReference; lastKnownFileType = folder.assetcatalog; path = Images.xcassets; sourceTree = "<group>"; };
		922253481AB3D5AD00C127A8 /* Base */ = {isa = PBXFileReference; lastKnownFileType = file.xib; name = Base; path = Base.lproj/LaunchScreen.xib; sourceTree = "<group>"; };
		9222534E1AB3D5AD00C127A8 /* movieNewsTests.xctest */ = {isa = PBXFileReference; explicitFileType = wrapper.cfbundle; includeInIndex = 0; path = movieNewsTests.xctest; sourceTree = BUILT_PRODUCTS_DIR; };
		922253531AB3D5AD00C127A8 /* Info.plist */ = {isa = PBXFileReference; lastKnownFileType = text.plist.xml; path = Info.plist; sourceTree = "<group>"; };
		922253541AB3D5AD00C127A8 /* movieNewsTests.m */ = {isa = PBXFileReference; lastKnownFileType = sourcecode.c.objc; path = movieNewsTests.m; sourceTree = "<group>"; };
/* End PBXFileReference section */

/* Begin PBXFrameworksBuildPhase section */
		922253321AB3D5AD00C127A8 /* Frameworks */ = {
			isa = PBXFrameworksBuildPhase;
			buildActionMask = 2147483647;
			files = (
			);
			runOnlyForDeploymentPostprocessing = 0;
		};
		9222534B1AB3D5AD00C127A8 /* Frameworks */ = {
			isa = PBXFrameworksBuildPhase;
			buildActionMask = 2147483647;
			files = (
			);
			runOnlyForDeploymentPostprocessing = 0;
		};
/* End PBXFrameworksBuildPhase section */

/* Begin PBXGroup section */
		9222532C1AB3D5AD00C127A8 = {
			isa = PBXGroup;
			children = (
				922253371AB3D5AD00C127A8 /* movieNews */,
				922253511AB3D5AD00C127A8 /* movieNewsTests */,
				922253361AB3D5AD00C127A8 /* Products */,
			);
			sourceTree = "<group>";
		};
		922253361AB3D5AD00C127A8 /* Products */ = {
			isa = PBXGroup;
			children = (
				922253351AB3D5AD00C127A8 /* movieNews.app */,
				9222534E1AB3D5AD00C127A8 /* movieNewsTests.xctest */,
			);
			name = Products;
			sourceTree = "<group>";
		};
		922253371AB3D5AD00C127A8 /* movieNews */ = {
			isa = PBXGroup;
			children = (
				9222533C1AB3D5AD00C127A8 /* AppDelegate.h */,
				9222533D1AB3D5AD00C127A8 /* AppDelegate.m */,
				9222533F1AB3D5AD00C127A8 /* MoviesViewController.h */,
				922253401AB3D5AD00C127A8 /* MoviesViewController.m */,
				922253421AB3D5AD00C127A8 /* Main.storyboard */,
				922253451AB3D5AD00C127A8 /* Images.xcassets */,
				922253471AB3D5AD00C127A8 /* LaunchScreen.xib */,
				922253381AB3D5AD00C127A8 /* Supporting Files */,
			);
			path = movieNews;
			sourceTree = "<group>";
		};
		922253381AB3D5AD00C127A8 /* Supporting Files */ = {
			isa = PBXGroup;
			children = (
				922253391AB3D5AD00C127A8 /* Info.plist */,
				9222533A1AB3D5AD00C127A8 /* main.m */,
			);
			name = "Supporting Files";
			sourceTree = "<group>";
		};
		922253511AB3D5AD00C127A8 /* movieNewsTests */ = {
			isa = PBXGroup;
			children = (
				922253541AB3D5AD00C127A8 /* movieNewsTests.m */,
				922253521AB3D5AD00C127A8 /* Supporting Files */,
			);
			path = movieNewsTests;
			sourceTree = "<group>";
		};
		922253521AB3D5AD00C127A8 /* Supporting Files */ = {
			isa = PBXGroup;
			children = (
				922253531AB3D5AD00C127A8 /* Info.plist */,
			);
			name = "Supporting Files";
			sourceTree = "<group>";
		};
/* End PBXGroup section */

/* Begin PBXNativeTarget section */
		922253341AB3D5AD00C127A8 /* movieNews */ = {
			isa = PBXNativeTarget;
			buildConfigurationList = 922253581AB3D5AD00C127A8 /* Build configuration list for PBXNativeTarget "movieNews" */;
			buildPhases = (
				922253311AB3D5AD00C127A8 /* Sources */,
				922253321AB3D5AD00C127A8 /* Frameworks */,
				922253331AB3D5AD00C127A8 /* Resources */,
			);
			buildRules = (
			);
			dependencies = (
			);
			name = movieNews;
			productName = movieNews;
			productReference = 922253351AB3D5AD00C127A8 /* movieNews.app */;
			productType = "com.apple.product-type.application";
		};
		9222534D1AB3D5AD00C127A8 /* movieNewsTests */ = {
			isa = PBXNativeTarget;
			buildConfigurationList = 9222535B1AB3D5AD00C127A8 /* Build configuration list for PBXNativeTarget "movieNewsTests" */;
			buildPhases = (
				9222534A1AB3D5AD00C127A8 /* Sources */,
				9222534B1AB3D5AD00C127A8 /* Frameworks */,
				9222534C1AB3D5AD00C127A8 /* Resources */,
			);
			buildRules = (
			);
			dependencies = (
				922253501AB3D5AD00C127A8 /* PBXTargetDependency */,
			);
			name = movieNewsTests;
			productName = movieNewsTests;
			productReference = 9222534E1AB3D5AD00C127A8 /* movieNewsTests.xctest */;
			productType = "com.apple.product-type.bundle.unit-test";
		};
/* End PBXNativeTarget section */

/* Begin PBXProject section */
		9222532D1AB3D5AD00C127A8 /* Project object */ = {
			isa = PBXProject;
			attributes = {
				LastUpgradeCheck = 0620;
				ORGANIZATIONNAME = "Nalin Natrajan";
				TargetAttributes = {
					922253341AB3D5AD00C127A8 = {
						CreatedOnToolsVersion = 6.2;
					};
					9222534D1AB3D5AD00C127A8 = {
						CreatedOnToolsVersion = 6.2;
						TestTargetID = 922253341AB3D5AD00C127A8;
					};
				};
			};
			buildConfigurationList = 922253301AB3D5AD00C127A8 /* Build configuration list for PBXProject "movieNews" */;
			compatibilityVersion = "Xcode 3.2";
			developmentRegion = English;
			hasScannedForEncodings = 0;
			knownRegions = (
				en,
				Base,
			);
			mainGroup = 9222532C1AB3D5AD00C127A8;
			productRefGroup = 922253361AB3D5AD00C127A8 /* Products */;
			projectDirPath = "";
			projectRoot = "";
			targets = (
				922253341AB3D5AD00C127A8 /* movieNews */,
				9222534D1AB3D5AD00C127A8 /* movieNewsTests */,
			);
		};
/* End PBXProject section */

/* Begin PBXResourcesBuildPhase section */
		922253331AB3D5AD00C127A8 /* Resources */ = {
			isa = PBXResourcesBuildPhase;
			buildActionMask = 2147483647;
			files = (
				922253441AB3D5AD00C127A8 /* Main.storyboard in Resources */,
				922253491AB3D5AD00C127A8 /* LaunchScreen.xib in Resources */,
				922253461AB3D5AD00C127A8 /* Images.xcassets in Resources */,
			);
			runOnlyForDeploymentPostprocessing = 0;
		};
		9222534C1AB3D5AD00C127A8 /* Resources */ = {
			isa = PBXResourcesBuildPhase;
			buildActionMask = 2147483647;
			files = (
			);
			runOnlyForDeploymentPostprocessing = 0;
		};
/* End PBXResourcesBuildPhase section */

/* Begin PBXSourcesBuildPhase section */
		922253311AB3D5AD00C127A8 /* Sources */ = {
			isa = PBXSourcesBuildPhase;
			buildActionMask = 2147483647;
			files = (
				922253411AB3D5AD00C127A8 /* MoviesViewController.m in Sources */,
				9222533E1AB3D5AD00C127A8 /* AppDelegate.m in Sources */,
				9222533B1AB3D5AD00C127A8 /* main.m in Sources */,
			);
			runOnlyForDeploymentPostprocessing = 0;
		};
		9222534A1AB3D5AD00C127A8 /* Sources */ = {
			isa = PBXSourcesBuildPhase;
			buildActionMask = 2147483647;
			files = (
				922253551AB3D5AD00C127A8 /* movieNewsTests.m in Sources */,
			);
			runOnlyForDeploymentPostprocessing = 0;
		};
/* End PBXSourcesBuildPhase section */

/* Begin PBXTargetDependency section */
		922253501AB3D5AD00C127A8 /* PBXTargetDependency */ = {
			isa = PBXTargetDependency;
			target = 922253341AB3D5AD00C127A8 /* movieNews */;
			targetProxy = 9222534F1AB3D5AD00C127A8 /* PBXContainerItemProxy */;
		};
/* End PBXTargetDependency section */

/* Begin PBXVariantGroup section */
		922253421AB3D5AD00C127A8 /* Main.storyboard */ = {
			isa = PBXVariantGroup;
			children = (
				922253431AB3D5AD00C127A8 /* Base */,
			);
			name = Main.storyboard;
			sourceTree = "<group>";
		};
		922253471AB3D5AD00C127A8 /* LaunchScreen.xib */ = {
			isa = PBXVariantGroup;
			children = (
				922253481AB3D5AD00C127A8 /* Base */,
			);
			name = LaunchScreen.xib;
			sourceTree = "<group>";
		};
/* End PBXVariantGroup section */

/* Begin XCBuildConfiguration section */
		922253561AB3D5AD00C127A8 /* Debug */ = {
			isa = XCBuildConfiguration;
			buildSettings = {
				ALWAYS_SEARCH_USER_PATHS = NO;
				CLANG_CXX_LANGUAGE_STANDARD = "gnu++0x";
				CLANG_CXX_LIBRARY = "libc++";
				CLANG_ENABLE_MODULES = YES;
				CLANG_ENABLE_OBJC_ARC = YES;
				CLANG_WARN_BOOL_CONVERSION = YES;
				CLANG_WARN_CONSTANT_CONVERSION = YES;
				CLANG_WARN_DIRECT_OBJC_ISA_USAGE = YES_ERROR;
				CLANG_WARN_EMPTY_BODY = YES;
				CLANG_WARN_ENUM_CONVERSION = YES;
				CLANG_WARN_INT_CONVERSION = YES;
				CLANG_WARN_OBJC_ROOT_CLASS = YES_ERROR;
				CLANG_WARN_UNREACHABLE_CODE = YES;
				CLANG_WARN__DUPLICATE_METHOD_MATCH = YES;
				CODE_SIGN_IDENTITY = "iPhone Distribution: Sanat Srivastva (YDLYVHP44E)";
				"CODE_SIGN_IDENTITY[sdk=iphoneos*]" = "iPhone Distribution: Sanat Srivastva (YDLYVHP44E)";
				COPY_PHASE_STRIP = NO;
				ENABLE_STRICT_OBJC_MSGSEND = YES;
				GCC_C_LANGUAGE_STANDARD = gnu99;
				GCC_DYNAMIC_NO_PIC = NO;
				GCC_OPTIMIZATION_LEVEL = 0;
				GCC_PREPROCESSOR_DEFINITIONS = (
					"DEBUG=1",
					"$(inherited)",
				);
				GCC_SYMBOLS_PRIVATE_EXTERN = NO;
				GCC_WARN_64_TO_32_BIT_CONVERSION = YES;
				GCC_WARN_ABOUT_RETURN_TYPE = YES_ERROR;
				GCC_WARN_UNDECLARED_SELECTOR = YES;
				GCC_WARN_UNINITIALIZED_AUTOS = YES_AGGRESSIVE;
				GCC_WARN_UNUSED_FUNCTION = YES;
				GCC_WARN_UNUSED_VARIABLE = YES;
				IPHONEOS_DEPLOYMENT_TARGET = 8.2;
				MTL_ENABLE_DEBUG_INFO = YES;
				ONLY_ACTIVE_ARCH = YES;
				SDKROOT = iphoneos;
				TARGETED_DEVICE_FAMILY = "1,2";
			};
			name = Debug;
		};
		922253571AB3D5AD00C127A8 /* Release */ = {
			isa = XCBuildConfiguration;
			buildSettings = {
				ALWAYS_SEARCH_USER_PATHS = NO;
				CLANG_CXX_LANGUAGE_STANDARD = "gnu++0x";
				CLANG_CXX_LIBRARY = "libc++";
				CLANG_ENABLE_MODULES = YES;
				CLANG_ENABLE_OBJC_ARC = YES;
				CLANG_WARN_BOOL_CONVERSION = YES;
				CLANG_WARN_CONSTANT_CONVERSION = YES;
				CLANG_WARN_DIRECT_OBJC_ISA_USAGE = YES_ERROR;
				CLANG_WARN_EMPTY_BODY = YES;
				CLANG_WARN_ENUM_CONVERSION = YES;
				CLANG_WARN_INT_CONVERSION = YES;
				CLANG_WARN_OBJC_ROOT_CLASS = YES_ERROR;
				CLANG_WARN_UNREACHABLE_CODE = YES;
				CLANG_WARN__DUPLICATE_METHOD_MATCH = YES;
				CODE_SIGN_IDENTITY = "iPhone Distribution: Sanat Srivastva (YDLYVHP44E)";
				"CODE_SIGN_IDENTITY[sdk=iphoneos*]" = "iPhone Distribution: Sanat Srivastva (YDLYVHP44E)";
				COPY_PHASE_STRIP = NO;
				ENABLE_NS_ASSERTIONS = NO;
				ENABLE_STRICT_OBJC_MSGSEND = YES;
				GCC_C_LANGUAGE_STANDARD = gnu99;
				GCC_WARN_64_TO_32_BIT_CONVERSION = YES;
				GCC_WARN_ABOUT_RETURN_TYPE = YES_ERROR;
				GCC_WARN_UNDECLARED_SELECTOR = YES;
				GCC_WARN_UNINITIALIZED_AUTOS = YES_AGGRESSIVE;
				GCC_WARN_UNUSED_FUNCTION = YES;
				GCC_WARN_UNUSED_VARIABLE = YES;
				IPHONEOS_DEPLOYMENT_TARGET = 8.2;
				MTL_ENABLE_DEBUG_INFO = NO;
				SDKROOT = iphoneos;
				TARGETED_DEVICE_FAMILY = "1,2";
				VALIDATE_PRODUCT = YES;
			};
			name = Release;
		};
		922253591AB3D5AD00C127A8 /* Debug */ = {
			isa = XCBuildConfiguration;
			buildSettings = {
				ASSETCATALOG_COMPILER_APPICON_NAME = AppIcon;
				INFOPLIST_FILE = movieNews/Info.plist;
				LD_RUNPATH_SEARCH_PATHS = "$(inherited) @executable_path/Frameworks";
				PRODUCT_NAME = "$(TARGET_NAME)";
			};
			name = Debug;
		};
		9222535A1AB3D5AD00C127A8 /* Release */ = {
			isa = XCBuildConfiguration;
			buildSettings = {
				ASSETCATALOG_COMPILER_APPICON_NAME = AppIcon;
				INFOPLIST_FILE = movieNews/Info.plist;
				LD_RUNPATH_SEARCH_PATHS = "$(inherited) @executable_path/Frameworks";
				PRODUCT_NAME = "$(TARGET_NAME)";
			};
			name = Release;
		};
		9222535C1AB3D5AD00C127A8 /* Debug */ = {
			isa = XCBuildConfiguration;
			buildSettings = {
				BUNDLE_LOADER = "$(TEST_HOST)";
				FRAMEWORK_SEARCH_PATHS = (
					"$(SDKROOT)/Developer/Library/Frameworks",
					"$(inherited)",
				);
				GCC_PREPROCESSOR_DEFINITIONS = (
					"DEBUG=1",
					"$(inherited)",
				);
				INFOPLIST_FILE = movieNewsTests/Info.plist;
				LD_RUNPATH_SEARCH_PATHS = "$(inherited) @executable_path/Frameworks @loader_path/Frameworks";
				PRODUCT_NAME = "$(TARGET_NAME)";
				TEST_HOST = "$(BUILT_PRODUCTS_DIR)/movieNews.app/movieNews";
			};
			name = Debug;
		};
		9222535D1AB3D5AD00C127A8 /* Release */ = {
			isa = XCBuildConfiguration;
			buildSettings = {
				BUNDLE_LOADER = "$(TEST_HOST)";
				FRAMEWORK_SEARCH_PATHS = (
					"$(SDKROOT)/Developer/Library/Frameworks",
					"$(inherited)",
				);
				INFOPLIST_FILE = movieNewsTests/Info.plist;
				LD_RUNPATH_SEARCH_PATHS = "$(inherited) @executable_path/Frameworks @loader_path/Frameworks";
				PRODUCT_NAME = "$(TARGET_NAME)";
				TEST_HOST = "$(BUILT_PRODUCTS_DIR)/movieNews.app/movieNews";
			};
			name = Release;
		};
/* End XCBuildConfiguration section */

/* Begin XCConfigurationList section */
		922253301AB3D5AD00C127A8 /* Build configuration list for PBXProject "movieNews" */ = {
			isa = XCConfigurationList;
			buildConfigurations = (
				922253561AB3D5AD00C127A8 /* Debug */,
				922253571AB3D5AD00C127A8 /* Release */,
			);
			defaultConfigurationIsVisible = 0;
			defaultConfigurationName = Release;
		};
		922253581AB3D5AD00C127A8 /* Build configuration list for PBXNativeTarget "movieNews" */ = {
			isa = XCConfigurationList;
			buildConfigurations = (
				922253591AB3D5AD00C127A8 /* Debug */,
				9222535A1AB3D5AD00C127A8 /* Release */,
			);
			defaultConfigurationIsVisible = 0;
		};
		9222535B1AB3D5AD00C127A8 /* Build configuration list for PBXNativeTarget "movieNewsTests" */ = {
			isa = XCConfigurationList;
			buildConfigurations = (
				9222535C1AB3D5AD00C127A8 /* Debug */,
				9222535D1AB3D5AD00C127A8 /* Release */,
			);
			defaultConfigurationIsVisible = 0;
		};
/* End XCConfigurationList section */
	};
	rootObject = 9222532D1AB3D5AD00C127A8 /* Project object */;
}
